
Microsoft Visual Studio Solution File, Format Version 12.00
# Visual Studio Version 16
VisualStudioVersion = 16.0.30907.101
MinimumVisualStudioVersion = 10.0.40219.1
Project("{FAE04EC0-301F-11D3-BF4B-00C04F79EFBC}") = "WebApplication1", "WebApplication1\WebApplication1.csproj", "{91132D80-A373-49FD-9042-4110FF565A79}"
EndProject
Global
	GlobalSection(SolutionConfigurationPlatforms) = preSolution
		Debug|Any CPU = Debug|Any CPU
		Release|Any CPU = Release|Any CPU
	EndGlobalSection
	GlobalSection(ProjectConfigurationPlatforms) = postSolution
		{91132D80-A373-49FD-9042-4110FF565A79}.Debug|Any CPU.ActiveCfg = Debug|Any CPU
		{91132D80-A373-49FD-9042-4110FF565A79}.Debug|Any CPU.Build.0 = Debug|Any CPU
		{91132D80-A373-49FD-9042-4110FF565A79}.Release|Any CPU.ActiveCfg = Release|Any CPU
		{91132D80-A373-49FD-9042-4110FF565A79}.Release|Any CPU.Build.0 = Release|Any CPU
	EndGlobalSection
	GlobalSection(SolutionProperties) = preSolution
		HideSolutionNode = FALSE
	EndGlobalSection
	GlobalSection(ExtensibilityGlobals) = postSolution
		SolutionGuid = {F0021EFE-9558-4ED0-9720-4B889CA11208}
	EndGlobalSection
EndGlobal
